# THIS IS AN AUTOGENERATED FILE. DO NOT EDIT THIS FILE DIRECTLY.
# yarn lockfile v1


"@types/antlr4@^4.7.2":
  version "4.7.2"
  resolved "https://registry.yarnpkg.com/@types/antlr4/-/antlr4-4.7.2.tgz#8cfbbcea13d45c42e9a326aa0e55df816cdd07f5"
  integrity sha512-v6NASzZa4pUgO2QJJqGHTRRBfZDTOk2savuugSfCLatRTd2q+UtW0I7ub9mjzERhm7aWqGxBi886HnJkLYiIEA==

antlr4@^4.10.1:
  version "4.10.1"
  resolved "https://registry.yarnpkg.com/antlr4/-/antlr4-4.10.1.tgz#6be8e3e1ead19ca82419ef0ffe974ef4efe4a793"
  integrity sha512-fmxidcOwmktzHUD+tz8y/zKLI/NfVAB0+MOvnFUBzo8ToFnphK8JY88oOJeRdhnTrAhjtu45bvxddzbb8nMeIA==

typescript@^4.7.0-dev.20220419:
  version "4.7.0-dev.20220419"
  resolved "https://registry.yarnpkg.com/typescript/-/typescript-4.7.0-dev.20220419.tgz#c9bc57a9f4e79ee687ac60da6a2170bb3b482467"
  integrity sha512-eqezQkTMfRDsbYTW3vWImen8yasP99iykbSLr1BjF7jusxmnvfOVWzXr1zsf+0+FWufBLwpa0rpZBd8TZHWmxg==
